
Microsoft Visual Studio Solution File, Format Version 12.00
# Visual Studio Version 17
VisualStudioVersion = 17.8.34322.80
MinimumVisualStudioVersion = 10.0.40219.1
Project("{9A19103F-16F7-4668-BE54-9A1E7A4F7556}") = "Server", "Server\Server.csproj", "{20E40293-E3F9-4CA4-BD69-7DF11D612C46}"
EndProject
Project("{9A19103F-16F7-4668-BE54-9A1E7A4F7556}") = "TWS Customer", "Customer\TWS Customer.csproj", "{BD99778B-E3A8-4CFF-8C57-74899CD19C64}"
EndProject
Project("{9A19103F-16F7-4668-BE54-9A1E7A4F7556}") = "TWS Security", "TWS Security\TWS Security.csproj", "{2F6D6568-D2D0-48AA-8491-237AEE7C3245}"
EndProject
Project("{9A19103F-16F7-4668-BE54-9A1E7A4F7556}") = "CSM Foundation", "Foundation\CSM Foundation.csproj", "{4CDB566A-97F1-483A-BB89-93F7B95BC9BB}"
EndProject
Project("{2150E333-8FDC-42A3-9474-1A3956D46DE8}") = "TWS Security", "TWS Security", "{3E966A22-410D-4C17-BC7C-AB0EDE943AFC}"
EndProject
Project("{9A19103F-16F7-4668-BE54-9A1E7A4F7556}") = "Server.Quality", "Server.Quality\Server.Quality.csproj", "{6DE938DD-A3F4-4B13-8D3C-D96B114D314B}"
EndProject
Project("{2150E333-8FDC-42A3-9474-1A3956D46DE8}") = "TWS Business", "TWS Business", "{B928140E-C2FF-4405-8D8F-C4869A90166D}"
EndProject
Project("{9A19103F-16F7-4668-BE54-9A1E7A4F7556}") = "TWS Business", "TWS Business\TWS Business.csproj", "{593104FE-D9C3-4391-845D-9F9E21CFCB69}"
EndProject
Project("{9A19103F-16F7-4668-BE54-9A1E7A4F7556}") = "TWS Business.Quality", "TWS Business.Quality\TWS Business.Quality.csproj", "{ADEE39EA-2779-4AFF-9EA6-10AC8CF40981}"
EndProject
Project("{9A19103F-16F7-4668-BE54-9A1E7A4F7556}") = "TWS Security.Quality", "TWS Security.Quality\TWS Security.Quality.csproj", "{AF4AA50B-A9B3-4CAC-A4A5-DCC43712EFED}"
EndProject
Project("{2150E333-8FDC-42A3-9474-1A3956D46DE8}") = "CSM Foundation", "CSM Foundation", "{986CFBAC-3046-471C-99DA-63AFE80F721D}"
EndProject
Project("{2150E333-8FDC-42A3-9474-1A3956D46DE8}") = "Sources", "Sources", "{EC18EA30-B871-4D33-B7F7-AD10CD4C4EF8}"
EndProject
Project("{2150E333-8FDC-42A3-9474-1A3956D46DE8}") = "TWS Customer", "TWS Customer", "{DC079F0C-796B-4C52-AF9A-4AABE1727D62}"
EndProject
Project("{FAE04EC0-301F-11D3-BF4B-00C04F79EFBC}") = "TWS Customer.Quality", "TWS Customer.Quality\TWS Customer.Quality.csproj", "{BC09A555-7823-4DD1-AAAD-81941BEBB71D}"
EndProject
Project("{2150E333-8FDC-42A3-9474-1A3956D46DE8}") = "Solution Items", "Solution Items", "{606E0034-2E99-4BFE-B5CD-DFF01BAA4009}"
	ProjectSection(SolutionItems) = preProject
		.editorconfig = .editorconfig
	EndProjectSection
EndProject
Global
	GlobalSection(SolutionConfigurationPlatforms) = preSolution
		Debug|Any CPU = Debug|Any CPU
		Release|Any CPU = Release|Any CPU
	EndGlobalSection
	GlobalSection(ProjectConfigurationPlatforms) = postSolution
		{20E40293-E3F9-4CA4-BD69-7DF11D612C46}.Debug|Any CPU.ActiveCfg = Debug|Any CPU
		{20E40293-E3F9-4CA4-BD69-7DF11D612C46}.Debug|Any CPU.Build.0 = Debug|Any CPU
		{20E40293-E3F9-4CA4-BD69-7DF11D612C46}.Release|Any CPU.ActiveCfg = Release|Any CPU
		{20E40293-E3F9-4CA4-BD69-7DF11D612C46}.Release|Any CPU.Build.0 = Release|Any CPU
		{BD99778B-E3A8-4CFF-8C57-74899CD19C64}.Debug|Any CPU.ActiveCfg = Debug|Any CPU
		{BD99778B-E3A8-4CFF-8C57-74899CD19C64}.Debug|Any CPU.Build.0 = Debug|Any CPU
		{BD99778B-E3A8-4CFF-8C57-74899CD19C64}.Release|Any CPU.ActiveCfg = Release|Any CPU
		{BD99778B-E3A8-4CFF-8C57-74899CD19C64}.Release|Any CPU.Build.0 = Release|Any CPU
		{2F6D6568-D2D0-48AA-8491-237AEE7C3245}.Debug|Any CPU.ActiveCfg = Debug|Any CPU
		{2F6D6568-D2D0-48AA-8491-237AEE7C3245}.Debug|Any CPU.Build.0 = Debug|Any CPU
		{2F6D6568-D2D0-48AA-8491-237AEE7C3245}.Release|Any CPU.ActiveCfg = Release|Any CPU
		{2F6D6568-D2D0-48AA-8491-237AEE7C3245}.Release|Any CPU.Build.0 = Release|Any CPU
		{4CDB566A-97F1-483A-BB89-93F7B95BC9BB}.Debug|Any CPU.ActiveCfg = Debug|Any CPU
		{4CDB566A-97F1-483A-BB89-93F7B95BC9BB}.Debug|Any CPU.Build.0 = Debug|Any CPU
		{4CDB566A-97F1-483A-BB89-93F7B95BC9BB}.Release|Any CPU.ActiveCfg = Release|Any CPU
		{4CDB566A-97F1-483A-BB89-93F7B95BC9BB}.Release|Any CPU.Build.0 = Release|Any CPU
		{6DE938DD-A3F4-4B13-8D3C-D96B114D314B}.Debug|Any CPU.ActiveCfg = Debug|Any CPU
		{6DE938DD-A3F4-4B13-8D3C-D96B114D314B}.Debug|Any CPU.Build.0 = Debug|Any CPU
		{6DE938DD-A3F4-4B13-8D3C-D96B114D314B}.Release|Any CPU.ActiveCfg = Release|Any CPU
		{6DE938DD-A3F4-4B13-8D3C-D96B114D314B}.Release|Any CPU.Build.0 = Release|Any CPU
		{593104FE-D9C3-4391-845D-9F9E21CFCB69}.Debug|Any CPU.ActiveCfg = Debug|Any CPU
		{593104FE-D9C3-4391-845D-9F9E21CFCB69}.Debug|Any CPU.Build.0 = Debug|Any CPU
		{593104FE-D9C3-4391-845D-9F9E21CFCB69}.Release|Any CPU.ActiveCfg = Release|Any CPU
		{593104FE-D9C3-4391-845D-9F9E21CFCB69}.Release|Any CPU.Build.0 = Release|Any CPU
		{ADEE39EA-2779-4AFF-9EA6-10AC8CF40981}.Debug|Any CPU.ActiveCfg = Debug|Any CPU
		{ADEE39EA-2779-4AFF-9EA6-10AC8CF40981}.Debug|Any CPU.Build.0 = Debug|Any CPU
		{ADEE39EA-2779-4AFF-9EA6-10AC8CF40981}.Release|Any CPU.ActiveCfg = Release|Any CPU
		{ADEE39EA-2779-4AFF-9EA6-10AC8CF40981}.Release|Any CPU.Build.0 = Release|Any CPU
		{AF4AA50B-A9B3-4CAC-A4A5-DCC43712EFED}.Debug|Any CPU.ActiveCfg = Debug|Any CPU
		{AF4AA50B-A9B3-4CAC-A4A5-DCC43712EFED}.Debug|Any CPU.Build.0 = Debug|Any CPU
		{AF4AA50B-A9B3-4CAC-A4A5-DCC43712EFED}.Release|Any CPU.ActiveCfg = Release|Any CPU
		{AF4AA50B-A9B3-4CAC-A4A5-DCC43712EFED}.Release|Any CPU.Build.0 = Release|Any CPU
		{BC09A555-7823-4DD1-AAAD-81941BEBB71D}.Debug|Any CPU.ActiveCfg = Debug|Any CPU
		{BC09A555-7823-4DD1-AAAD-81941BEBB71D}.Debug|Any CPU.Build.0 = Debug|Any CPU
		{BC09A555-7823-4DD1-AAAD-81941BEBB71D}.Release|Any CPU.ActiveCfg = Release|Any CPU
		{BC09A555-7823-4DD1-AAAD-81941BEBB71D}.Release|Any CPU.Build.0 = Release|Any CPU
	EndGlobalSection
	GlobalSection(SolutionProperties) = preSolution
		HideSolutionNode = FALSE
	EndGlobalSection
	GlobalSection(NestedProjects) = preSolution
		{BD99778B-E3A8-4CFF-8C57-74899CD19C64} = {DC079F0C-796B-4C52-AF9A-4AABE1727D62}
		{2F6D6568-D2D0-48AA-8491-237AEE7C3245} = {3E966A22-410D-4C17-BC7C-AB0EDE943AFC}
		{4CDB566A-97F1-483A-BB89-93F7B95BC9BB} = {986CFBAC-3046-471C-99DA-63AFE80F721D}
		{3E966A22-410D-4C17-BC7C-AB0EDE943AFC} = {EC18EA30-B871-4D33-B7F7-AD10CD4C4EF8}
		{B928140E-C2FF-4405-8D8F-C4869A90166D} = {EC18EA30-B871-4D33-B7F7-AD10CD4C4EF8}
		{593104FE-D9C3-4391-845D-9F9E21CFCB69} = {B928140E-C2FF-4405-8D8F-C4869A90166D}
		{ADEE39EA-2779-4AFF-9EA6-10AC8CF40981} = {B928140E-C2FF-4405-8D8F-C4869A90166D}
		{AF4AA50B-A9B3-4CAC-A4A5-DCC43712EFED} = {3E966A22-410D-4C17-BC7C-AB0EDE943AFC}
		{EC18EA30-B871-4D33-B7F7-AD10CD4C4EF8} = {DC079F0C-796B-4C52-AF9A-4AABE1727D62}
		{BC09A555-7823-4DD1-AAAD-81941BEBB71D} = {DC079F0C-796B-4C52-AF9A-4AABE1727D62}
	EndGlobalSection
	GlobalSection(ExtensibilityGlobals) = postSolution
		SolutionGuid = {5AA80571-9883-48A8-8566-F96A1DB82F95}
	EndGlobalSection
EndGlobal
