
Microsoft Visual Studio Solution File, Format Version 12.00
# Visual Studio Version 16
VisualStudioVersion = 25.0.1706.4
MinimumVisualStudioVersion = 10.0.40219.1
Project("{FAE04EC0-301F-11D3-BF4B-00C04F79EFBC}") = "Server", "Server\Server.csproj", "{20E40293-E3F9-4CA4-BD69-7DF11D612C46}"
EndProject
Project("{FAE04EC0-301F-11D3-BF4B-00C04F79EFBC}") = "Customer", "Customer\Customer.csproj", "{BD99778B-E3A8-4CFF-8C57-74899CD19C64}"
EndProject
Project("{FAE04EC0-301F-11D3-BF4B-00C04F79EFBC}") = "Quality", "Quality\Quality.csproj", "{901F0370-2ED2-4246-A3D8-B544AF8E73E1}"
EndProject
Global
	GlobalSection(SolutionConfigurationPlatforms) = preSolution
		Debug|Any CPU = Debug|Any CPU
		Release|Any CPU = Release|Any CPU
	EndGlobalSection
	GlobalSection(ProjectConfigurationPlatforms) = postSolution
		{20E40293-E3F9-4CA4-BD69-7DF11D612C46}.Debug|Any CPU.ActiveCfg = Debug|Any CPU
		{20E40293-E3F9-4CA4-BD69-7DF11D612C46}.Debug|Any CPU.Build.0 = Debug|Any CPU
		{20E40293-E3F9-4CA4-BD69-7DF11D612C46}.Release|Any CPU.ActiveCfg = Release|Any CPU
		{20E40293-E3F9-4CA4-BD69-7DF11D612C46}.Release|Any CPU.Build.0 = Release|Any CPU
		{BD99778B-E3A8-4CFF-8C57-74899CD19C64}.Debug|Any CPU.ActiveCfg = Debug|Any CPU
		{BD99778B-E3A8-4CFF-8C57-74899CD19C64}.Debug|Any CPU.Build.0 = Debug|Any CPU
		{BD99778B-E3A8-4CFF-8C57-74899CD19C64}.Release|Any CPU.ActiveCfg = Release|Any CPU
		{BD99778B-E3A8-4CFF-8C57-74899CD19C64}.Release|Any CPU.Build.0 = Release|Any CPU
		{901F0370-2ED2-4246-A3D8-B544AF8E73E1}.Debug|Any CPU.ActiveCfg = Debug|Any CPU
		{901F0370-2ED2-4246-A3D8-B544AF8E73E1}.Debug|Any CPU.Build.0 = Debug|Any CPU
		{901F0370-2ED2-4246-A3D8-B544AF8E73E1}.Release|Any CPU.ActiveCfg = Release|Any CPU
		{901F0370-2ED2-4246-A3D8-B544AF8E73E1}.Release|Any CPU.Build.0 = Release|Any CPU
	EndGlobalSection
	GlobalSection(SolutionProperties) = preSolution
		HideSolutionNode = FALSE
	EndGlobalSection
	GlobalSection(ExtensibilityGlobals) = postSolution
		SolutionGuid = {5AA80571-9883-48A8-8566-F96A1DB82F95}
	EndGlobalSection
EndGlobal
